
Microsoft Visual Studio Solution File, Format Version 12.00
# Visual Studio 2013
VisualStudioVersion = 12.0.21005.1
MinimumVisualStudioVersion = 10.0.40219.1
Project("{8BC9CEB8-8B4A-11D0-8D11-00A0C91BC942}") = "infilixfaceshape", "infilixfacerecog.vcxproj", "{F72AB3D1-0161-49F1-BA48-20B6CC1B0BBB}"
EndProject
Global
	GlobalSection(SolutionConfigurationPlatforms) = preSolution
		Debug|Win32 = Debug|Win32
		Release|Win32 = Release|Win32
	EndGlobalSection
	GlobalSection(ProjectConfigurationPlatforms) = postSolution
		{F72AB3D1-0161-49F1-BA48-20B6CC1B0BBB}.Debug|Win32.ActiveCfg = Debug|Win32
		{F72AB3D1-0161-49F1-BA48-20B6CC1B0BBB}.Debug|Win32.Build.0 = Debug|Win32
		{F72AB3D1-0161-49F1-BA48-20B6CC1B0BBB}.Release|Win32.ActiveCfg = Release|Win32
		{F72AB3D1-0161-49F1-BA48-20B6CC1B0BBB}.Release|Win32.Build.0 = Release|Win32
	EndGlobalSection
	GlobalSection(SolutionProperties) = preSolution
		HideSolutionNode = FALSE
	EndGlobalSection
EndGlobal
